<Solution>
  <Folder Name="/src/">
    <Project Path="src/Rastreamento.Api/Rastreamento.Api.csproj" />
    <Project Path="src/Rastreamento.Application/Rastreamento.Application.csproj" />
    <Project Path="src/Rastreamento.Domain/Rastreamento.Domain.csproj" />
    <Project Path="src/Rastreamento.Infrastructure/Rastreamento.Infrastructure.csproj" />
  </Folder>
  <Folder Name="/tests/">
    <Project Path="tests/Rastreamento.Application.Tests/Rastreamento.Application.Tests.csproj" />
    <Project Path="tests/Rastreamento.Domain.Tests/Rastreamento.Domain.Tests.csproj" />
    <Project Path="tests/Rastreamento.Infrastructure.Tests/Rastreamento.Infrastructure.Tests.csproj" />
  </Folder>
</Solution>
